{
  "version": 4,
  "terraform_version": "1.7.4",
  "serial": 69,
  "lineage": "0c48d78c-ca16-5aa2-ca5f-79331308d5ca",
  "outputs": {},
  "resources": [
    {
      "mode": "data",
      "type": "nhncloud_compute_flavor_v2",
      "name": "m2c1m2",
      "provider": "provider[\"terraform.local/local/nhncloud\"]",
      "instances": [
        {
          "schema_version": 0,
          "attributes": {
            "description": "",
            "disk": 0,
            "extra_specs": {
              "display:display_type": "general",
              "flavor_type": "general"
            },
            "flavor_id": "a4b6a0f7-aeff-4d78-a8d5-7de9f007012d",
            "id": "a4b6a0f7-aeff-4d78-a8d5-7de9f007012d",
            "is_public": true,
            "min_disk": null,
            "min_ram": null,
            "name": "m2.c1m2",
            "ram": 2048,
            "region": null,
            "rx_tx_factor": 1,
            "swap": 0,
            "vcpus": 1
          },
          "sensitive_attributes": []
        }
      ]
    },
    {
      "mode": "data",
      "type": "nhncloud_images_image_v2",
      "name": "ubuntu_2004_20240220",
      "provider": "provider[\"terraform.local/local/nhncloud\"]",
      "instances": [
        {
          "schema_version": 0,
          "attributes": {
            "checksum": "7c96d1feefccd0ec649f1f8cf3d8ee61",
            "container_format": "bare",
            "created_at": "2024-02-22T03:21:34Z",
            "disk_format": "qcow2",
            "file": "/v2/images/4e4af9c4-cc0a-4c35-9ba5-38a57cb93526/file",
            "hidden": false,
            "id": "4e4af9c4-cc0a-4c35-9ba5-38a57cb93526",
            "member_status": null,
            "metadata": {},
            "min_disk_gb": 20,
            "min_ram_mb": 0,
            "most_recent": true,
            "name": "Ubuntu Server 20.04.6 LTS (2024.02.20)",
            "name_regex": null,
            "owner": "c289b99209ca4e189095cdecebbd092d",
            "properties": {
              "deprecate_date": "null",
              "description": "Ubuntu Server 20.04.6 LTS (2024.02.20)",
              "hw_vif_multiqueue_enabled": "true",
              "login_username": "ubuntu",
              "monitoring_agent": "sysmon",
              "nhncloud_category": "OS",
              "nhncloud_product": "compute",
              "os_architecture": "amd64",
              "os_distro": "ubuntu",
              "os_type": "linux",
              "os_version": "Server 20.04 LTS",
              "project_domain": "WDI;NORMAL",
              "release_date": "2024.02.20",
              "tc_env": "sysmon,dfeac7db42a192a73959d5646117af58"
            },
            "protected": true,
            "region": "KR1",
            "schema": "/v2/schemas/image",
            "size_bytes": 2447310848,
            "size_max": null,
            "size_min": null,
            "sort_direction": "asc",
            "sort_key": "name",
            "tag": null,
            "tags": [
              "BASE"
            ],
            "updated_at": "2024-02-26T19:32:42Z",
            "visibility": "public"
          },
          "sensitive_attributes": []
        }
      ]
    },
    {
      "mode": "managed",
      "type": "nhncloud_compute_instance_v2",
      "name": "hansom_terraform_instance",
      "provider": "provider[\"terraform.local/local/nhncloud\"]",
      "instances": [
        {
          "schema_version": 0,
          "attributes": {
            "access_ip_v4": "10.0.0.63",
            "access_ip_v6": "",
            "admin_pass": null,
            "all_metadata": {
              "description": "Ubuntu Server 20.04.6 LTS (2024.02.20)",
              "image_name": "Ubuntu Server 20.04.6 LTS (2024.02.20)",
              "login_username": "ubuntu",
              "monitoring_agent": "sysmon",
              "os_architecture": "amd64",
              "os_distro": "ubuntu",
              "os_type": "linux",
              "os_version": "Server 20.04 LTS",
              "project_domain": "NORMAL",
              "tc_env": "sysmon,dfeac7db42a192a73959d5646117af58",
              "volume_size": "30"
            },
            "all_tags": [],
            "availability_zone": "kr-pub-a",
            "availability_zone_hints": null,
            "block_device": [
              {
                "boot_index": 0,
                "delete_on_termination": true,
                "destination_type": "volume",
                "device_type": "",
                "disk_bus": "",
                "guest_format": "",
                "nhn_encryption": [],
                "source_type": "image",
                "test": "",
                "uuid": "4e4af9c4-cc0a-4c35-9ba5-38a57cb93526",
                "volume_size": 30,
                "volume_type": ""
              }
            ],
            "config_drive": null,
            "created": "2024-03-08 06:50:42 +0000 UTC",
            "flavor_id": "a4b6a0f7-aeff-4d78-a8d5-7de9f007012d",
            "flavor_name": "m2.c1m2",
            "floating_ip": null,
            "force_delete": false,
            "id": "85a3af17-d5e7-4991-a840-d54b409e28c1",
            "image_id": "Attempt to boot from volume - no image supplied",
            "image_name": null,
            "key_pair": "hansom-pj",
            "metadata": null,
            "name": "tf_hansom_instance_01",
            "network": [
              {
                "access_network": false,
                "fixed_ip_v4": "10.0.0.63",
                "fixed_ip_v6": "",
                "floating_ip": "",
                "mac": "fa:16:3e:3b:b2:aa",
                "name": "hansom-vpc",
                "port": "a434942d-6667-4dca-8e1e-f0c68d5afe3e",
                "uuid": "495e1972-a2f7-47e3-9558-1610156cffde"
              }
            ],
            "network_mode": null,
            "personality": [],
            "power_state": "active",
            "region": "KR1",
            "scheduler_hints": [],
            "security_groups": [
              "default"
            ],
            "stop_before_destroy": false,
            "tags": null,
            "timeouts": null,
            "updated": "2024-03-08 06:51:32 +0000 UTC",
            "user_data": null,
            "vendor_options": [],
            "volume": []
          },
          "sensitive_attributes": [],
          "private": "eyJlMmJmYjczMC1lY2FhLTExZTYtOGY4OC0zNDM2M2JjN2M0YzAiOnsiY3JlYXRlIjoxODAwMDAwMDAwMDAwLCJkZWxldGUiOjE4MDAwMDAwMDAwMDAsInVwZGF0ZSI6MTgwMDAwMDAwMDAwMH19",
          "dependencies": [
            "data.nhncloud_compute_flavor_v2.m2c1m2",
            "data.nhncloud_images_image_v2.ubuntu_2004_20240220",
            "nhncloud_networking_port_v2.port_container",
            "nhncloud_networking_routingtable_v2.resource-rt-private",
            "nhncloud_networking_routingtable_v2.resource-rt-pub",
            "nhncloud_networking_vpc_v2.hansom-vpc",
            "nhncloud_networking_vpcsubnet_v2.hansom-vpcsubnet-private",
            "nhncloud_networking_vpcsubnet_v2.hansom-vpcsubnet-pub"
          ]
        }
      ]
    },
    {
      "mode": "managed",
      "type": "nhncloud_networking_port_v2",
      "name": "port_container",
      "provider": "provider[\"terraform.local/local/nhncloud\"]",
      "instances": [
        {
          "schema_version": 0,
          "attributes": {
            "admin_state_up": true,
            "all_fixed_ips": [
              "10.0.0.63"
            ],
            "all_security_group_ids": [
              "2f69da22-73f8-4f85-8577-ae7b5c72e20f"
            ],
            "all_tags": [],
            "allowed_address_pairs": [],
            "binding": [
              {
                "host_id": "",
                "profile": "",
                "vif_details": {},
                "vif_type": "",
                "vnic_type": "normal"
              }
            ],
            "description": "",
            "device_id": "",
            "device_owner": "",
            "dns_assignment": [],
            "dns_name": "",
            "extra_dhcp_option": [],
            "fixed_ip": [],
            "id": "a434942d-6667-4dca-8e1e-f0c68d5afe3e",
            "mac_address": "fa:16:3e:3b:b2:aa",
            "name": "tf_port_container",
            "network_id": "495e1972-a2f7-47e3-9558-1610156cffde",
            "no_fixed_ip": null,
            "no_security_groups": null,
            "port_security_enabled": true,
            "qos_policy_id": "",
            "region": "KR1",
            "security_group_ids": null,
            "tags": null,
            "tenant_id": "f3f0b24c10df4bd7886965fa0d518de3",
            "timeouts": null,
            "value_specs": null
          },
          "sensitive_attributes": [],
          "private": "eyJlMmJmYjczMC1lY2FhLTExZTYtOGY4OC0zNDM2M2JjN2M0YzAiOnsiY3JlYXRlIjo2MDAwMDAwMDAwMDAsImRlbGV0ZSI6NjAwMDAwMDAwMDAwfX0=",
          "dependencies": [
            "nhncloud_networking_routingtable_v2.resource-rt-private",
            "nhncloud_networking_routingtable_v2.resource-rt-pub",
            "nhncloud_networking_vpc_v2.hansom-vpc",
            "nhncloud_networking_vpcsubnet_v2.hansom-vpcsubnet-private",
            "nhncloud_networking_vpcsubnet_v2.hansom-vpcsubnet-pub"
          ]
        }
      ]
    },
    {
      "mode": "managed",
      "type": "nhncloud_networking_routingtable_v2",
      "name": "resource-rt-private",
      "provider": "provider[\"terraform.local/local/nhncloud\"]",
      "instances": [
        {
          "schema_version": 0,
          "attributes": {
            "distributed": true,
            "id": "dc68b1aa-e995-4e3b-8029-35430f0d70ea",
            "name": "resource-rt-private",
            "timeouts": null,
            "vpc_id": "495e1972-a2f7-47e3-9558-1610156cffde"
          },
          "sensitive_attributes": [],
          "private": "eyJlMmJmYjczMC1lY2FhLTExZTYtOGY4OC0zNDM2M2JjN2M0YzAiOnsiY3JlYXRlIjo2MDAwMDAwMDAwMDAsImRlbGV0ZSI6NjAwMDAwMDAwMDAwfX0=",
          "dependencies": [
            "nhncloud_networking_vpc_v2.hansom-vpc"
          ]
        }
      ]
    },
    {
      "mode": "managed",
      "type": "nhncloud_networking_routingtable_v2",
      "name": "resource-rt-pub",
      "provider": "provider[\"terraform.local/local/nhncloud\"]",
      "instances": [
        {
          "schema_version": 0,
          "attributes": {
            "distributed": true,
            "id": "6985ac4a-b344-4e9a-a961-7f27cf1345fe",
            "name": "resource-rt-pub",
            "timeouts": null,
            "vpc_id": "495e1972-a2f7-47e3-9558-1610156cffde"
          },
          "sensitive_attributes": [],
          "private": "eyJlMmJmYjczMC1lY2FhLTExZTYtOGY4OC0zNDM2M2JjN2M0YzAiOnsiY3JlYXRlIjo2MDAwMDAwMDAwMDAsImRlbGV0ZSI6NjAwMDAwMDAwMDAwfX0=",
          "dependencies": [
            "nhncloud_networking_vpc_v2.hansom-vpc"
          ]
        }
      ]
    },
    {
      "mode": "managed",
      "type": "nhncloud_networking_vpc_v2",
      "name": "hansom-vpc",
      "provider": "provider[\"terraform.local/local/nhncloud\"]",
      "instances": [
        {
          "schema_version": 0,
          "attributes": {
            "cidrv4": "10.0.0.0/16",
            "id": "495e1972-a2f7-47e3-9558-1610156cffde",
            "name": "hansom-vpc",
            "region": "KR1",
            "tenant_id": null,
            "timeouts": null
          },
          "sensitive_attributes": [],
          "private": "eyJlMmJmYjczMC1lY2FhLTExZTYtOGY4OC0zNDM2M2JjN2M0YzAiOnsiY3JlYXRlIjo2MDAwMDAwMDAwMDAsImRlbGV0ZSI6NjAwMDAwMDAwMDAwfX0="
        }
      ]
    },
    {
      "mode": "managed",
      "type": "nhncloud_networking_vpcsubnet_v2",
      "name": "hansom-vpcsubnet-private",
      "provider": "provider[\"terraform.local/local/nhncloud\"]",
      "instances": [
        {
          "schema_version": 0,
          "attributes": {
            "available_ip_count": 252,
            "cidr": "10.0.1.0/24",
            "create_time": "2024-03-08 06:50:17",
            "external": false,
            "gateway": "10.0.1.1",
            "id": "8157f9f1-bdd8-47e3-97e1-f56b1a1791cb",
            "name": "tf-vpcsubnet-private",
            "region": "KR1",
            "routes": [],
            "routingtable_default_table": false,
            "routingtable_explicit": true,
            "routingtable_gateway_id": "",
            "routingtable_id": "dc68b1aa-e995-4e3b-8029-35430f0d70ea",
            "routingtable_name": "resource-rt-private",
            "shared": false,
            "state": "available",
            "tenant_id": "f3f0b24c10df4bd7886965fa0d518de3",
            "timeouts": null,
            "vpc_cidrv4": "10.0.0.0/16",
            "vpc_id": "495e1972-a2f7-47e3-9558-1610156cffde",
            "vpc_name": "hansom-vpc",
            "vpc_shared": false,
            "vpc_state": "available"
          },
          "sensitive_attributes": [],
          "private": "eyJlMmJmYjczMC1lY2FhLTExZTYtOGY4OC0zNDM2M2JjN2M0YzAiOnsiY3JlYXRlIjo2MDAwMDAwMDAwMDAsImRlbGV0ZSI6NjAwMDAwMDAwMDAwfX0=",
          "dependencies": [
            "nhncloud_networking_routingtable_v2.resource-rt-private",
            "nhncloud_networking_vpc_v2.hansom-vpc"
          ]
        }
      ]
    },
    {
      "mode": "managed",
      "type": "nhncloud_networking_vpcsubnet_v2",
      "name": "hansom-vpcsubnet-pub",
      "provider": "provider[\"terraform.local/local/nhncloud\"]",
      "instances": [
        {
          "schema_version": 0,
          "attributes": {
            "available_ip_count": 252,
            "cidr": "10.0.0.0/24",
            "create_time": "2024-03-08 06:50:16",
            "external": false,
            "gateway": "10.0.0.1",
            "id": "2e960b80-1fcd-4e05-87f0-7c60e6e42864",
            "name": "tf-vpcsubnet-public",
            "region": "KR1",
            "routes": [],
            "routingtable_default_table": false,
            "routingtable_explicit": true,
            "routingtable_gateway_id": "",
            "routingtable_id": "6985ac4a-b344-4e9a-a961-7f27cf1345fe",
            "routingtable_name": "resource-rt-pub",
            "shared": false,
            "state": "available",
            "tenant_id": "f3f0b24c10df4bd7886965fa0d518de3",
            "timeouts": null,
            "vpc_cidrv4": "10.0.0.0/16",
            "vpc_id": "495e1972-a2f7-47e3-9558-1610156cffde",
            "vpc_name": "hansom-vpc",
            "vpc_shared": false,
            "vpc_state": "available"
          },
          "sensitive_attributes": [],
          "private": "eyJlMmJmYjczMC1lY2FhLTExZTYtOGY4OC0zNDM2M2JjN2M0YzAiOnsiY3JlYXRlIjo2MDAwMDAwMDAwMDAsImRlbGV0ZSI6NjAwMDAwMDAwMDAwfX0=",
          "dependencies": [
            "nhncloud_networking_routingtable_v2.resource-rt-pub",
            "nhncloud_networking_vpc_v2.hansom-vpc"
          ]
        }
      ]
    }
  ],
  "check_results": null
}
